
Microsoft Visual Studio Solution File, Format Version 12.00
# Visual Studio Version 16
VisualStudioVersion = 16.0.30804.86
MinimumVisualStudioVersion = 10.0.40219.1
Project("{FAE04EC0-301F-11D3-BF4B-00C04F79EFBC}") = "BeQuik.Android", "BeQuik.Android\BeQuik.Android.csproj", "{1FB0ED93-68D6-4761-97E6-08025700275E}"
EndProject
Project("{FAE04EC0-301F-11D3-BF4B-00C04F79EFBC}") = "BeQuik.iOS", "BeQuik.iOS\BeQuik.iOS.csproj", "{503A4437-52E9-4E7F-B51A-CEFFE4AB105E}"
EndProject
Project("{FAE04EC0-301F-11D3-BF4B-00C04F79EFBC}") = "BeQuik", "BeQuik\BeQuik.csproj", "{F6105657-BEE3-4669-9A57-B1F3946F6113}"
EndProject
Global
	GlobalSection(SolutionConfigurationPlatforms) = preSolution
		Debug|Any CPU = Debug|Any CPU
		Debug|iPhone = Debug|iPhone
		Debug|iPhoneSimulator = Debug|iPhoneSimulator
		Release|Any CPU = Release|Any CPU
		Release|iPhone = Release|iPhone
		Release|iPhoneSimulator = Release|iPhoneSimulator
	EndGlobalSection
	GlobalSection(ProjectConfigurationPlatforms) = postSolution
		{1FB0ED93-68D6-4761-97E6-08025700275E}.Debug|Any CPU.ActiveCfg = Debug|Any CPU
		{1FB0ED93-68D6-4761-97E6-08025700275E}.Debug|Any CPU.Build.0 = Debug|Any CPU
		{1FB0ED93-68D6-4761-97E6-08025700275E}.Debug|Any CPU.Deploy.0 = Debug|Any CPU
		{1FB0ED93-68D6-4761-97E6-08025700275E}.Debug|iPhone.ActiveCfg = Debug|Any CPU
		{1FB0ED93-68D6-4761-97E6-08025700275E}.Debug|iPhone.Build.0 = Debug|Any CPU
		{1FB0ED93-68D6-4761-97E6-08025700275E}.Debug|iPhone.Deploy.0 = Debug|Any CPU
		{1FB0ED93-68D6-4761-97E6-08025700275E}.Debug|iPhoneSimulator.ActiveCfg = Debug|Any CPU
		{1FB0ED93-68D6-4761-97E6-08025700275E}.Debug|iPhoneSimulator.Build.0 = Debug|Any CPU
		{1FB0ED93-68D6-4761-97E6-08025700275E}.Debug|iPhoneSimulator.Deploy.0 = Debug|Any CPU
		{1FB0ED93-68D6-4761-97E6-08025700275E}.Release|Any CPU.ActiveCfg = Release|Any CPU
		{1FB0ED93-68D6-4761-97E6-08025700275E}.Release|Any CPU.Build.0 = Release|Any CPU
		{1FB0ED93-68D6-4761-97E6-08025700275E}.Release|Any CPU.Deploy.0 = Release|Any CPU
		{1FB0ED93-68D6-4761-97E6-08025700275E}.Release|iPhone.ActiveCfg = Release|Any CPU
		{1FB0ED93-68D6-4761-97E6-08025700275E}.Release|iPhone.Build.0 = Release|Any CPU
		{1FB0ED93-68D6-4761-97E6-08025700275E}.Release|iPhone.Deploy.0 = Release|Any CPU
		{1FB0ED93-68D6-4761-97E6-08025700275E}.Release|iPhoneSimulator.ActiveCfg = Release|Any CPU
		{1FB0ED93-68D6-4761-97E6-08025700275E}.Release|iPhoneSimulator.Build.0 = Release|Any CPU
		{1FB0ED93-68D6-4761-97E6-08025700275E}.Release|iPhoneSimulator.Deploy.0 = Release|Any CPU
		{503A4437-52E9-4E7F-B51A-CEFFE4AB105E}.Debug|Any CPU.ActiveCfg = Debug|iPhone
		{503A4437-52E9-4E7F-B51A-CEFFE4AB105E}.Debug|Any CPU.Build.0 = Debug|iPhone
		{503A4437-52E9-4E7F-B51A-CEFFE4AB105E}.Debug|Any CPU.Deploy.0 = Debug|iPhone
		{503A4437-52E9-4E7F-B51A-CEFFE4AB105E}.Debug|iPhone.ActiveCfg = Debug|iPhone
		{503A4437-52E9-4E7F-B51A-CEFFE4AB105E}.Debug|iPhone.Build.0 = Debug|iPhone
		{503A4437-52E9-4E7F-B51A-CEFFE4AB105E}.Debug|iPhone.Deploy.0 = Debug|iPhone
		{503A4437-52E9-4E7F-B51A-CEFFE4AB105E}.Debug|iPhoneSimulator.ActiveCfg = Debug|iPhoneSimulator
		{503A4437-52E9-4E7F-B51A-CEFFE4AB105E}.Debug|iPhoneSimulator.Build.0 = Debug|iPhoneSimulator
		{503A4437-52E9-4E7F-B51A-CEFFE4AB105E}.Debug|iPhoneSimulator.Deploy.0 = Debug|iPhoneSimulator
		{503A4437-52E9-4E7F-B51A-CEFFE4AB105E}.Release|Any CPU.ActiveCfg = Release|iPhoneSimulator
		{503A4437-52E9-4E7F-B51A-CEFFE4AB105E}.Release|Any CPU.Build.0 = Release|iPhoneSimulator
		{503A4437-52E9-4E7F-B51A-CEFFE4AB105E}.Release|Any CPU.Deploy.0 = Release|iPhoneSimulator
		{503A4437-52E9-4E7F-B51A-CEFFE4AB105E}.Release|iPhone.ActiveCfg = Release|iPhone
		{503A4437-52E9-4E7F-B51A-CEFFE4AB105E}.Release|iPhone.Build.0 = Release|iPhone
		{503A4437-52E9-4E7F-B51A-CEFFE4AB105E}.Release|iPhone.Deploy.0 = Release|iPhone
		{503A4437-52E9-4E7F-B51A-CEFFE4AB105E}.Release|iPhoneSimulator.ActiveCfg = Release|iPhoneSimulator
		{503A4437-52E9-4E7F-B51A-CEFFE4AB105E}.Release|iPhoneSimulator.Build.0 = Release|iPhoneSimulator
		{503A4437-52E9-4E7F-B51A-CEFFE4AB105E}.Release|iPhoneSimulator.Deploy.0 = Release|iPhoneSimulator
		{F6105657-BEE3-4669-9A57-B1F3946F6113}.Debug|Any CPU.ActiveCfg = Debug|Any CPU
		{F6105657-BEE3-4669-9A57-B1F3946F6113}.Debug|Any CPU.Build.0 = Debug|Any CPU
		{F6105657-BEE3-4669-9A57-B1F3946F6113}.Debug|Any CPU.Deploy.0 = Debug|Any CPU
		{F6105657-BEE3-4669-9A57-B1F3946F6113}.Debug|iPhone.ActiveCfg = Debug|Any CPU
		{F6105657-BEE3-4669-9A57-B1F3946F6113}.Debug|iPhone.Build.0 = Debug|Any CPU
		{F6105657-BEE3-4669-9A57-B1F3946F6113}.Debug|iPhone.Deploy.0 = Debug|Any CPU
		{F6105657-BEE3-4669-9A57-B1F3946F6113}.Debug|iPhoneSimulator.ActiveCfg = Debug|Any CPU
		{F6105657-BEE3-4669-9A57-B1F3946F6113}.Debug|iPhoneSimulator.Build.0 = Debug|Any CPU
		{F6105657-BEE3-4669-9A57-B1F3946F6113}.Debug|iPhoneSimulator.Deploy.0 = Debug|Any CPU
		{F6105657-BEE3-4669-9A57-B1F3946F6113}.Release|Any CPU.ActiveCfg = Release|Any CPU
		{F6105657-BEE3-4669-9A57-B1F3946F6113}.Release|Any CPU.Build.0 = Release|Any CPU
		{F6105657-BEE3-4669-9A57-B1F3946F6113}.Release|Any CPU.Deploy.0 = Release|Any CPU
		{F6105657-BEE3-4669-9A57-B1F3946F6113}.Release|iPhone.ActiveCfg = Release|Any CPU
		{F6105657-BEE3-4669-9A57-B1F3946F6113}.Release|iPhone.Build.0 = Release|Any CPU
		{F6105657-BEE3-4669-9A57-B1F3946F6113}.Release|iPhone.Deploy.0 = Release|Any CPU
		{F6105657-BEE3-4669-9A57-B1F3946F6113}.Release|iPhoneSimulator.ActiveCfg = Release|Any CPU
		{F6105657-BEE3-4669-9A57-B1F3946F6113}.Release|iPhoneSimulator.Build.0 = Release|Any CPU
		{F6105657-BEE3-4669-9A57-B1F3946F6113}.Release|iPhoneSimulator.Deploy.0 = Release|Any CPU
	EndGlobalSection
	GlobalSection(SolutionProperties) = preSolution
		HideSolutionNode = FALSE
	EndGlobalSection
	GlobalSection(ExtensibilityGlobals) = postSolution
		SolutionGuid = {507A9542-9A5B-43B3-9452-6D728C9B4F79}
	EndGlobalSection
EndGlobal
